// !$*UTF8*$!
{
	archiveVersion = 1;
	classes = {
	};
	objectVersion = 46;
	objects = {

/* Begin PBXBuildFile section */
		4585F2A61BF4E11D008DE61A /* PFTime.swift in Sources */ = {isa = PBXBuildFile; fileRef = 4585F2A51BF4E11D008DE61A /* PFTime.swift */; };
		45B025221BF4865900D1BD9A /* AppDelegate.swift in Sources */ = {isa = PBXBuildFile; fileRef = 45B025211BF4865900D1BD9A /* AppDelegate.swift */; };
		45B025291BF4865900D1BD9A /* Assets.xcassets in Resources */ = {isa = PBXBuildFile; fileRef = 45B025281BF4865900D1BD9A /* Assets.xcassets */; };
		45B0253D1BF486BE00D1BD9A /* LaunchScreen.storyboard in Resources */ = {isa = PBXBuildFile; fileRef = 45B025381BF486BE00D1BD9A /* LaunchScreen.storyboard */; };
		45B0253E1BF486BE00D1BD9A /* Main.storyboard in Resources */ = {isa = PBXBuildFile; fileRef = 45B0253A1BF486BE00D1BD9A /* Main.storyboard */; };
		45B0254E1BF487EB00D1BD9A /* person.json in Resources */ = {isa = PBXBuildFile; fileRef = 45B0254D1BF487EB00D1BD9A /* person.json */; };
		45B025501BF487FB00D1BD9A /* RootViewController.swift in Sources */ = {isa = PBXBuildFile; fileRef = 45B0254F1BF487FB00D1BD9A /* RootViewController.swift */; };
		45B025521BF4880C00D1BD9A /* PersonModel.swift in Sources */ = {isa = PBXBuildFile; fileRef = 45B025511BF4880C00D1BD9A /* PersonModel.swift */; };
		45B0255D1BF48BCD00D1BD9A /* PFFile.swift in Sources */ = {isa = PBXBuildFile; fileRef = 45B025551BF48BCD00D1BD9A /* PFFile.swift */; };
		45B0255E1BF48BCD00D1BD9A /* PFModel.swift in Sources */ = {isa = PBXBuildFile; fileRef = 45B025571BF48BCD00D1BD9A /* PFModel.swift */; };
		45B0255F1BF48BCD00D1BD9A /* PFQRCode.swift in Sources */ = {isa = PBXBuildFile; fileRef = 45B025591BF48BCD00D1BD9A /* PFQRCode.swift */; };
		45B025601BF48BCD00D1BD9A /* String+PFJudge.swift in Sources */ = {isa = PBXBuildFile; fileRef = 45B0255B1BF48BCD00D1BD9A /* String+PFJudge.swift */; };
		45B025611BF48BCD00D1BD9A /* String+PFLocalized.swift in Sources */ = {isa = PBXBuildFile; fileRef = 45B0255C1BF48BCD00D1BD9A /* String+PFLocalized.swift */; };
/* End PBXBuildFile section */

/* Begin PBXFileReference section */
		4585F2A51BF4E11D008DE61A /* PFTime.swift */ = {isa = PBXFileReference; fileEncoding = 4; lastKnownFileType = sourcecode.swift; path = PFTime.swift; sourceTree = "<group>"; };
		45B0251E1BF4865900D1BD9A /* PFKit-Swift.app */ = {isa = PBXFileReference; explicitFileType = wrapper.application; includeInIndex = 0; path = "PFKit-Swift.app"; sourceTree = BUILT_PRODUCTS_DIR; };
		45B025211BF4865900D1BD9A /* AppDelegate.swift */ = {isa = PBXFileReference; lastKnownFileType = sourcecode.swift; path = AppDelegate.swift; sourceTree = "<group>"; };
		45B025281BF4865900D1BD9A /* Assets.xcassets */ = {isa = PBXFileReference; lastKnownFileType = folder.assetcatalog; path = Assets.xcassets; sourceTree = "<group>"; };
		45B0252D1BF4865900D1BD9A /* Info.plist */ = {isa = PBXFileReference; lastKnownFileType = text.plist.xml; path = Info.plist; sourceTree = "<group>"; };
		45B025391BF486BE00D1BD9A /* Base */ = {isa = PBXFileReference; lastKnownFileType = file.storyboard; name = Base; path = Base.lproj/LaunchScreen.storyboard; sourceTree = "<group>"; };
		45B0253B1BF486BE00D1BD9A /* Base */ = {isa = PBXFileReference; lastKnownFileType = file.storyboard; name = Base; path = Base.lproj/Main.storyboard; sourceTree = "<group>"; };
		45B0254D1BF487EB00D1BD9A /* person.json */ = {isa = PBXFileReference; fileEncoding = 4; lastKnownFileType = text.json; path = person.json; sourceTree = "<group>"; };
		45B0254F1BF487FB00D1BD9A /* RootViewController.swift */ = {isa = PBXFileReference; fileEncoding = 4; lastKnownFileType = sourcecode.swift; path = RootViewController.swift; sourceTree = "<group>"; };
		45B025511BF4880C00D1BD9A /* PersonModel.swift */ = {isa = PBXFileReference; fileEncoding = 4; lastKnownFileType = sourcecode.swift; path = PersonModel.swift; sourceTree = "<group>"; };
		45B025551BF48BCD00D1BD9A /* PFFile.swift */ = {isa = PBXFileReference; fileEncoding = 4; lastKnownFileType = sourcecode.swift; path = PFFile.swift; sourceTree = "<group>"; };
		45B025571BF48BCD00D1BD9A /* PFModel.swift */ = {isa = PBXFileReference; fileEncoding = 4; lastKnownFileType = sourcecode.swift; path = PFModel.swift; sourceTree = "<group>"; };
		45B025591BF48BCD00D1BD9A /* PFQRCode.swift */ = {isa = PBXFileReference; fileEncoding = 4; lastKnownFileType = sourcecode.swift; path = PFQRCode.swift; sourceTree = "<group>"; };
		45B0255B1BF48BCD00D1BD9A /* String+PFJudge.swift */ = {isa = PBXFileReference; fileEncoding = 4; lastKnownFileType = sourcecode.swift; path = "String+PFJudge.swift"; sourceTree = "<group>"; };
		45B0255C1BF48BCD00D1BD9A /* String+PFLocalized.swift */ = {isa = PBXFileReference; fileEncoding = 4; lastKnownFileType = sourcecode.swift; path = "String+PFLocalized.swift"; sourceTree = "<group>"; };
/* End PBXFileReference section */

/* Begin PBXFrameworksBuildPhase section */
		45B0251B1BF4865900D1BD9A /* Frameworks */ = {
			isa = PBXFrameworksBuildPhase;
			buildActionMask = 2147483647;
			files = (
			);
			runOnlyForDeploymentPostprocessing = 0;
		};
/* End PBXFrameworksBuildPhase section */

/* Begin PBXGroup section */
		4585F2A41BF4E103008DE61A /* PFTime */ = {
			isa = PBXGroup;
			children = (
				4585F2A51BF4E11D008DE61A /* PFTime.swift */,
			);
			path = PFTime;
			sourceTree = "<group>";
		};
		45B025151BF4865900D1BD9A = {
			isa = PBXGroup;
			children = (
				45B025201BF4865900D1BD9A /* PFKit-Swift */,
				45B0251F1BF4865900D1BD9A /* Products */,
			);
			sourceTree = "<group>";
		};
		45B0251F1BF4865900D1BD9A /* Products */ = {
			isa = PBXGroup;
			children = (
				45B0251E1BF4865900D1BD9A /* PFKit-Swift.app */,
			);
			name = Products;
			sourceTree = "<group>";
		};
		45B025201BF4865900D1BD9A /* PFKit-Swift */ = {
			isa = PBXGroup;
			children = (
				45B025211BF4865900D1BD9A /* AppDelegate.swift */,
				45B025331BF486BE00D1BD9A /* App */,
				45B0253C1BF486BE00D1BD9A /* Vendor */,
				45B025281BF4865900D1BD9A /* Assets.xcassets */,
				45B0252D1BF4865900D1BD9A /* Info.plist */,
			);
			path = "PFKit-Swift";
			sourceTree = "<group>";
		};
		45B025331BF486BE00D1BD9A /* App */ = {
			isa = PBXGroup;
			children = (
				45B025341BF486BE00D1BD9A /* Controller */,
				45B025351BF486BE00D1BD9A /* File */,
				45B025361BF486BE00D1BD9A /* Model */,
				45B025371BF486BE00D1BD9A /* View */,
			);
			path = App;
			sourceTree = "<group>";
		};
		45B025341BF486BE00D1BD9A /* Controller */ = {
			isa = PBXGroup;
			children = (
				45B0254F1BF487FB00D1BD9A /* RootViewController.swift */,
			);
			path = Controller;
			sourceTree = "<group>";
		};
		45B025351BF486BE00D1BD9A /* File */ = {
			isa = PBXGroup;
			children = (
				45B0254D1BF487EB00D1BD9A /* person.json */,
			);
			path = File;
			sourceTree = "<group>";
		};
		45B025361BF486BE00D1BD9A /* Model */ = {
			isa = PBXGroup;
			children = (
				45B025511BF4880C00D1BD9A /* PersonModel.swift */,
			);
			path = Model;
			sourceTree = "<group>";
		};
		45B025371BF486BE00D1BD9A /* View */ = {
			isa = PBXGroup;
			children = (
				45B025381BF486BE00D1BD9A /* LaunchScreen.storyboard */,
				45B0253A1BF486BE00D1BD9A /* Main.storyboard */,
			);
			path = View;
			sourceTree = "<group>";
		};
		45B0253C1BF486BE00D1BD9A /* Vendor */ = {
			isa = PBXGroup;
			children = (
				45B025531BF48BCD00D1BD9A /* PFKit */,
			);
			path = Vendor;
			sourceTree = "<group>";
		};
		45B025531BF48BCD00D1BD9A /* PFKit */ = {
			isa = PBXGroup;
			children = (
				45B025541BF48BCD00D1BD9A /* PFFile */,
				45B025561BF48BCD00D1BD9A /* PFModel */,
				45B025581BF48BCD00D1BD9A /* PFQRCode */,
				45B0255A1BF48BCD00D1BD9A /* PFString */,
				4585F2A41BF4E103008DE61A /* PFTime */,
			);
			path = PFKit;
			sourceTree = "<group>";
		};
		45B025541BF48BCD00D1BD9A /* PFFile */ = {
			isa = PBXGroup;
			children = (
				45B025551BF48BCD00D1BD9A /* PFFile.swift */,
			);
			path = PFFile;
			sourceTree = "<group>";
		};
		45B025561BF48BCD00D1BD9A /* PFModel */ = {
			isa = PBXGroup;
			children = (
				45B025571BF48BCD00D1BD9A /* PFModel.swift */,
			);
			path = PFModel;
			sourceTree = "<group>";
		};
		45B025581BF48BCD00D1BD9A /* PFQRCode */ = {
			isa = PBXGroup;
			children = (
				45B025591BF48BCD00D1BD9A /* PFQRCode.swift */,
			);
			path = PFQRCode;
			sourceTree = "<group>";
		};
		45B0255A1BF48BCD00D1BD9A /* PFString */ = {
			isa = PBXGroup;
			children = (
				45B0255B1BF48BCD00D1BD9A /* String+PFJudge.swift */,
				45B0255C1BF48BCD00D1BD9A /* String+PFLocalized.swift */,
			);
			path = PFString;
			sourceTree = "<group>";
		};
/* End PBXGroup section */

/* Begin PBXNativeTarget section */
		45B0251D1BF4865900D1BD9A /* PFKit-Swift */ = {
			isa = PBXNativeTarget;
			buildConfigurationList = 45B025301BF4865900D1BD9A /* Build configuration list for PBXNativeTarget "PFKit-Swift" */;
			buildPhases = (
				45B0251A1BF4865900D1BD9A /* Sources */,
				45B0251B1BF4865900D1BD9A /* Frameworks */,
				45B0251C1BF4865900D1BD9A /* Resources */,
			);
			buildRules = (
			);
			dependencies = (
			);
			name = "PFKit-Swift";
			productName = "PFKit-Swift";
			productReference = 45B0251E1BF4865900D1BD9A /* PFKit-Swift.app */;
			productType = "com.apple.product-type.application";
		};
/* End PBXNativeTarget section */

/* Begin PBXProject section */
		45B025161BF4865900D1BD9A /* Project object */ = {
			isa = PBXProject;
			attributes = {
				LastSwiftUpdateCheck = 0710;
				LastUpgradeCheck = 0710;
				ORGANIZATIONNAME = "PF-Lib";
				TargetAttributes = {
					45B0251D1BF4865900D1BD9A = {
						CreatedOnToolsVersion = 7.1;
					};
				};
			};
			buildConfigurationList = 45B025191BF4865900D1BD9A /* Build configuration list for PBXProject "PFKit-Swift" */;
			compatibilityVersion = "Xcode 3.2";
			developmentRegion = English;
			hasScannedForEncodings = 0;
			knownRegions = (
				en,
				Base,
			);
			mainGroup = 45B025151BF4865900D1BD9A;
			productRefGroup = 45B0251F1BF4865900D1BD9A /* Products */;
			projectDirPath = "";
			projectRoot = "";
			targets = (
				45B0251D1BF4865900D1BD9A /* PFKit-Swift */,
			);
		};
/* End PBXProject section */

/* Begin PBXResourcesBuildPhase section */
		45B0251C1BF4865900D1BD9A /* Resources */ = {
			isa = PBXResourcesBuildPhase;
			buildActionMask = 2147483647;
			files = (
				45B0253E1BF486BE00D1BD9A /* Main.storyboard in Resources */,
				45B0253D1BF486BE00D1BD9A /* LaunchScreen.storyboard in Resources */,
				45B0254E1BF487EB00D1BD9A /* person.json in Resources */,
				45B025291BF4865900D1BD9A /* Assets.xcassets in Resources */,
			);
			runOnlyForDeploymentPostprocessing = 0;
		};
/* End PBXResourcesBuildPhase section */

/* Begin PBXSourcesBuildPhase section */
		45B0251A1BF4865900D1BD9A /* Sources */ = {
			isa = PBXSourcesBuildPhase;
			buildActionMask = 2147483647;
			files = (
				4585F2A61BF4E11D008DE61A /* PFTime.swift in Sources */,
				45B0255F1BF48BCD00D1BD9A /* PFQRCode.swift in Sources */,
				45B025601BF48BCD00D1BD9A /* String+PFJudge.swift in Sources */,
				45B025221BF4865900D1BD9A /* AppDelegate.swift in Sources */,
				45B0255E1BF48BCD00D1BD9A /* PFModel.swift in Sources */,
				45B025501BF487FB00D1BD9A /* RootViewController.swift in Sources */,
				45B025521BF4880C00D1BD9A /* PersonModel.swift in Sources */,
				45B025611BF48BCD00D1BD9A /* String+PFLocalized.swift in Sources */,
				45B0255D1BF48BCD00D1BD9A /* PFFile.swift in Sources */,
			);
			runOnlyForDeploymentPostprocessing = 0;
		};
/* End PBXSourcesBuildPhase section */

/* Begin PBXVariantGroup section */
		45B025381BF486BE00D1BD9A /* LaunchScreen.storyboard */ = {
			isa = PBXVariantGroup;
			children = (
				45B025391BF486BE00D1BD9A /* Base */,
			);
			name = LaunchScreen.storyboard;
			sourceTree = "<group>";
		};
		45B0253A1BF486BE00D1BD9A /* Main.storyboard */ = {
			isa = PBXVariantGroup;
			children = (
				45B0253B1BF486BE00D1BD9A /* Base */,
			);
			name = Main.storyboard;
			sourceTree = "<group>";
		};
/* End PBXVariantGroup section */

/* Begin XCBuildConfiguration section */
		45B0252E1BF4865900D1BD9A /* Debug */ = {
			isa = XCBuildConfiguration;
			buildSettings = {
				ALWAYS_SEARCH_USER_PATHS = NO;
				CLANG_CXX_LANGUAGE_STANDARD = "gnu++0x";
				CLANG_CXX_LIBRARY = "libc++";
				CLANG_ENABLE_MODULES = YES;
				CLANG_ENABLE_OBJC_ARC = YES;
				CLANG_WARN_BOOL_CONVERSION = YES;
				CLANG_WARN_CONSTANT_CONVERSION = YES;
				CLANG_WARN_DIRECT_OBJC_ISA_USAGE = YES_ERROR;
				CLANG_WARN_EMPTY_BODY = YES;
				CLANG_WARN_ENUM_CONVERSION = YES;
				CLANG_WARN_INT_CONVERSION = YES;
				CLANG_WARN_OBJC_ROOT_CLASS = YES_ERROR;
				CLANG_WARN_UNREACHABLE_CODE = YES;
				CLANG_WARN__DUPLICATE_METHOD_MATCH = YES;
				"CODE_SIGN_IDENTITY[sdk=iphoneos*]" = "iPhone Developer";
				COPY_PHASE_STRIP = NO;
				DEBUG_INFORMATION_FORMAT = dwarf;
				ENABLE_STRICT_OBJC_MSGSEND = YES;
				ENABLE_TESTABILITY = YES;
				GCC_C_LANGUAGE_STANDARD = gnu99;
				GCC_DYNAMIC_NO_PIC = NO;
				GCC_NO_COMMON_BLOCKS = YES;
				GCC_OPTIMIZATION_LEVEL = 0;
				GCC_PREPROCESSOR_DEFINITIONS = (
					"DEBUG=1",
					"$(inherited)",
				);
				GCC_WARN_64_TO_32_BIT_CONVERSION = YES;
				GCC_WARN_ABOUT_RETURN_TYPE = YES_ERROR;
				GCC_WARN_UNDECLARED_SELECTOR = YES;
				GCC_WARN_UNINITIALIZED_AUTOS = YES_AGGRESSIVE;
				GCC_WARN_UNUSED_FUNCTION = YES;
				GCC_WARN_UNUSED_VARIABLE = YES;
				IPHONEOS_DEPLOYMENT_TARGET = 9.1;
				MTL_ENABLE_DEBUG_INFO = YES;
				ONLY_ACTIVE_ARCH = YES;
				SDKROOT = iphoneos;
				SWIFT_OPTIMIZATION_LEVEL = "-Onone";
				TARGETED_DEVICE_FAMILY = "1,2";
			};
			name = Debug;
		};
		45B0252F1BF4865900D1BD9A /* Release */ = {
			isa = XCBuildConfiguration;
			buildSettings = {
				ALWAYS_SEARCH_USER_PATHS = NO;
				CLANG_CXX_LANGUAGE_STANDARD = "gnu++0x";
				CLANG_CXX_LIBRARY = "libc++";
				CLANG_ENABLE_MODULES = YES;
				CLANG_ENABLE_OBJC_ARC = YES;
				CLANG_WARN_BOOL_CONVERSION = YES;
				CLANG_WARN_CONSTANT_CONVERSION = YES;
				CLANG_WARN_DIRECT_OBJC_ISA_USAGE = YES_ERROR;
				CLANG_WARN_EMPTY_BODY = YES;
				CLANG_WARN_ENUM_CONVERSION = YES;
				CLANG_WARN_INT_CONVERSION = YES;
				CLANG_WARN_OBJC_ROOT_CLASS = YES_ERROR;
				CLANG_WARN_UNREACHABLE_CODE = YES;
				CLANG_WARN__DUPLICATE_METHOD_MATCH = YES;
				"CODE_SIGN_IDENTITY[sdk=iphoneos*]" = "iPhone Developer";
				COPY_PHASE_STRIP = NO;
				DEBUG_INFORMATION_FORMAT = "dwarf-with-dsym";
				ENABLE_NS_ASSERTIONS = NO;
				ENABLE_STRICT_OBJC_MSGSEND = YES;
				GCC_C_LANGUAGE_STANDARD = gnu99;
				GCC_NO_COMMON_BLOCKS = YES;
				GCC_WARN_64_TO_32_BIT_CONVERSION = YES;
				GCC_WARN_ABOUT_RETURN_TYPE = YES_ERROR;
				GCC_WARN_UNDECLARED_SELECTOR = YES;
				GCC_WARN_UNINITIALIZED_AUTOS = YES_AGGRESSIVE;
				GCC_WARN_UNUSED_FUNCTION = YES;
				GCC_WARN_UNUSED_VARIABLE = YES;
				IPHONEOS_DEPLOYMENT_TARGET = 9.1;
				MTL_ENABLE_DEBUG_INFO = NO;
				SDKROOT = iphoneos;
				TARGETED_DEVICE_FAMILY = "1,2";
				VALIDATE_PRODUCT = YES;
			};
			name = Release;
		};
		45B025311BF4865900D1BD9A /* Debug */ = {
			isa = XCBuildConfiguration;
			buildSettings = {
				ASSETCATALOG_COMPILER_APPICON_NAME = AppIcon;
				INFOPLIST_FILE = "PFKit-Swift/Info.plist";
				LD_RUNPATH_SEARCH_PATHS = "$(inherited) @executable_path/Frameworks";
				PRODUCT_BUNDLE_IDENTIFIER = "com.PF-Lib.PFKit-Swift";
				PRODUCT_NAME = "$(TARGET_NAME)";
			};
			name = Debug;
		};
		45B025321BF4865900D1BD9A /* Release */ = {
			isa = XCBuildConfiguration;
			buildSettings = {
				ASSETCATALOG_COMPILER_APPICON_NAME = AppIcon;
				INFOPLIST_FILE = "PFKit-Swift/Info.plist";
				LD_RUNPATH_SEARCH_PATHS = "$(inherited) @executable_path/Frameworks";
				PRODUCT_BUNDLE_IDENTIFIER = "com.PF-Lib.PFKit-Swift";
				PRODUCT_NAME = "$(TARGET_NAME)";
			};
			name = Release;
		};
/* End XCBuildConfiguration section */

/* Begin XCConfigurationList section */
		45B025191BF4865900D1BD9A /* Build configuration list for PBXProject "PFKit-Swift" */ = {
			isa = XCConfigurationList;
			buildConfigurations = (
				45B0252E1BF4865900D1BD9A /* Debug */,
				45B0252F1BF4865900D1BD9A /* Release */,
			);
			defaultConfigurationIsVisible = 0;
			defaultConfigurationName = Release;
		};
		45B025301BF4865900D1BD9A /* Build configuration list for PBXNativeTarget "PFKit-Swift" */ = {
			isa = XCConfigurationList;
			buildConfigurations = (
				45B025311BF4865900D1BD9A /* Debug */,
				45B025321BF4865900D1BD9A /* Release */,
			);
			defaultConfigurationIsVisible = 0;
			defaultConfigurationName = Release;
		};
/* End XCConfigurationList section */
	};
	rootObject = 45B025161BF4865900D1BD9A /* Project object */;
}
